
Microsoft Visual Studio Solution File, Format Version 12.00
# Visual Studio Version 16
VisualStudioVersion = 16.0.30503.244
MinimumVisualStudioVersion = 10.0.40219.1
Project("{FAE04EC0-301F-11D3-BF4B-00C04F79EFBC}") = "BeehiveManagementWF p.301", "BeehiveManagementWF p.301\BeehiveManagementWF p.301.csproj", "{507C09FB-681E-461F-892D-D037DAC9A622}"
EndProject
Project("{FAE04EC0-301F-11D3-BF4B-00C04F79EFBC}") = "ConsoleInterfaceExample p.320", "ConsoleInterfaceExample\ConsoleInterfaceExample p.320.csproj", "{8FE6DF04-DA64-4820-93DE-31FAF5910652}"
EndProject
Global
	GlobalSection(SolutionConfigurationPlatforms) = preSolution
		Debug|Any CPU = Debug|Any CPU
		Release|Any CPU = Release|Any CPU
	EndGlobalSection
	GlobalSection(ProjectConfigurationPlatforms) = postSolution
		{507C09FB-681E-461F-892D-D037DAC9A622}.Debug|Any CPU.ActiveCfg = Debug|Any CPU
		{507C09FB-681E-461F-892D-D037DAC9A622}.Debug|Any CPU.Build.0 = Debug|Any CPU
		{507C09FB-681E-461F-892D-D037DAC9A622}.Release|Any CPU.ActiveCfg = Release|Any CPU
		{507C09FB-681E-461F-892D-D037DAC9A622}.Release|Any CPU.Build.0 = Release|Any CPU
		{8FE6DF04-DA64-4820-93DE-31FAF5910652}.Debug|Any CPU.ActiveCfg = Debug|Any CPU
		{8FE6DF04-DA64-4820-93DE-31FAF5910652}.Debug|Any CPU.Build.0 = Debug|Any CPU
		{8FE6DF04-DA64-4820-93DE-31FAF5910652}.Release|Any CPU.ActiveCfg = Release|Any CPU
		{8FE6DF04-DA64-4820-93DE-31FAF5910652}.Release|Any CPU.Build.0 = Release|Any CPU
	EndGlobalSection
	GlobalSection(SolutionProperties) = preSolution
		HideSolutionNode = FALSE
	EndGlobalSection
	GlobalSection(ExtensibilityGlobals) = postSolution
		SolutionGuid = {38D75E13-AF77-4C2E-80D1-CF259B972AFA}
	EndGlobalSection
EndGlobal
